
Microsoft Visual Studio Solution File, Format Version 12.00
# Visual Studio 2015
Project("{FAE04EC0-301F-11D3-BF4B-00C04F79EFBC}") = "DEEP 6.CSharp", "DEEP 6.CSharp.csproj", "{8414112E-4840-B6B0-FDBC-40ABA4E875AC}"
EndProject
Global
	GlobalSection(SolutionConfigurationPlatforms) = preSolution
		Debug|Any CPU = Debug|Any CPU
		Release|Any CPU = Release|Any CPU
	EndGlobalSection
	GlobalSection(ProjectConfigurationPlatforms) = postSolution
		{8414112E-4840-B6B0-FDBC-40ABA4E875AC}.Debug|Any CPU.ActiveCfg = Debug|Any CPU
		{8414112E-4840-B6B0-FDBC-40ABA4E875AC}.Debug|Any CPU.Build.0 = Debug|Any CPU
		{8414112E-4840-B6B0-FDBC-40ABA4E875AC}.Release|Any CPU.ActiveCfg = Release|Any CPU
		{8414112E-4840-B6B0-FDBC-40ABA4E875AC}.Release|Any CPU.Build.0 = Release|Any CPU
	EndGlobalSection
	GlobalSection(SolutionProperties) = preSolution
		HideSolutionNode = FALSE
	EndGlobalSection
EndGlobal
